
Microsoft Visual Studio Solution File, Format Version 12.00
# Visual Studio Version 17
VisualStudioVersion = 17.13.35806.99 d17.13
MinimumVisualStudioVersion = 10.0.40219.1
Project("{FAE04EC0-301F-11D3-BF4B-00C04F79EFBC}") = "Page_Object_Model", "Page_Object_Model\Page_Object_Model.csproj", "{0A8219A2-7EC4-4A48-9DA5-0A53FCA3E015}"
EndProject
Global
	GlobalSection(SolutionConfigurationPlatforms) = preSolution
		Debug|Any CPU = Debug|Any CPU
		Release|Any CPU = Release|Any CPU
	EndGlobalSection
	GlobalSection(ProjectConfigurationPlatforms) = postSolution
		{0A8219A2-7EC4-4A48-9DA5-0A53FCA3E015}.Debug|Any CPU.ActiveCfg = Debug|Any CPU
		{0A8219A2-7EC4-4A48-9DA5-0A53FCA3E015}.Debug|Any CPU.Build.0 = Debug|Any CPU
		{0A8219A2-7EC4-4A48-9DA5-0A53FCA3E015}.Release|Any CPU.ActiveCfg = Release|Any CPU
		{0A8219A2-7EC4-4A48-9DA5-0A53FCA3E015}.Release|Any CPU.Build.0 = Release|Any CPU
	EndGlobalSection
	GlobalSection(SolutionProperties) = preSolution
		HideSolutionNode = FALSE
	EndGlobalSection
	GlobalSection(ExtensibilityGlobals) = postSolution
		SolutionGuid = {C9D2E320-9CB8-47A7-9DF6-019E25391E68}
	EndGlobalSection
EndGlobal
